
Microsoft Visual Studio Solution File, Format Version 12.00
# Visual Studio 15
VisualStudioVersion = 15.0.28307.329
MinimumVisualStudioVersion = 10.0.40219.1
Project("{FAE04EC0-301F-11D3-BF4B-00C04F79EFBC}") = "Threetierwebapplication", "Threetierwebapplication\Threetierwebapplication.csproj", "{26380784-985C-42B4-8CE2-74155C8CFF89}"
EndProject
Project("{FAE04EC0-301F-11D3-BF4B-00C04F79EFBC}") = "DAL", "DAL\DAL.csproj", "{0F8375AB-E5DD-4BAC-ACF6-EEAF41D997A7}"
EndProject
Project("{FAE04EC0-301F-11D3-BF4B-00C04F79EFBC}") = "BLL", "BLL\BLL.csproj", "{633F2730-D4FA-4EDF-8A8A-C9F7282A1652}"
EndProject
Global
	GlobalSection(SolutionConfigurationPlatforms) = preSolution
		Debug|Any CPU = Debug|Any CPU
		Release|Any CPU = Release|Any CPU
	EndGlobalSection
	GlobalSection(ProjectConfigurationPlatforms) = postSolution
		{26380784-985C-42B4-8CE2-74155C8CFF89}.Debug|Any CPU.ActiveCfg = Debug|Any CPU
		{26380784-985C-42B4-8CE2-74155C8CFF89}.Debug|Any CPU.Build.0 = Debug|Any CPU
		{26380784-985C-42B4-8CE2-74155C8CFF89}.Release|Any CPU.ActiveCfg = Release|Any CPU
		{26380784-985C-42B4-8CE2-74155C8CFF89}.Release|Any CPU.Build.0 = Release|Any CPU
		{0F8375AB-E5DD-4BAC-ACF6-EEAF41D997A7}.Debug|Any CPU.ActiveCfg = Debug|Any CPU
		{0F8375AB-E5DD-4BAC-ACF6-EEAF41D997A7}.Debug|Any CPU.Build.0 = Debug|Any CPU
		{0F8375AB-E5DD-4BAC-ACF6-EEAF41D997A7}.Release|Any CPU.ActiveCfg = Release|Any CPU
		{0F8375AB-E5DD-4BAC-ACF6-EEAF41D997A7}.Release|Any CPU.Build.0 = Release|Any CPU
		{633F2730-D4FA-4EDF-8A8A-C9F7282A1652}.Debug|Any CPU.ActiveCfg = Debug|Any CPU
		{633F2730-D4FA-4EDF-8A8A-C9F7282A1652}.Debug|Any CPU.Build.0 = Debug|Any CPU
		{633F2730-D4FA-4EDF-8A8A-C9F7282A1652}.Release|Any CPU.ActiveCfg = Release|Any CPU
		{633F2730-D4FA-4EDF-8A8A-C9F7282A1652}.Release|Any CPU.Build.0 = Release|Any CPU
	EndGlobalSection
	GlobalSection(SolutionProperties) = preSolution
		HideSolutionNode = FALSE
	EndGlobalSection
	GlobalSection(ExtensibilityGlobals) = postSolution
		SolutionGuid = {90CC66DF-C997-4E71-A1E6-9EDB7473D94E}
	EndGlobalSection
EndGlobal
